
Microsoft Visual Studio Solution File, Format Version 9.00
# Visual Studio 2005
Project("{FAE04EC0-301F-11D3-BF4B-00C04F79EFBC}") = "LinkGame", "LinkGame\LinkGame.csproj", "{954266B5-8396-4810-B729-CD81C02BF946}"
EndProject
Project("{FAE04EC0-301F-11D3-BF4B-00C04F79EFBC}") = "PicResource", "PicResource\PicResource.csproj", "{AC19A654-FD99-437E-957C-5D648F0CD59C}"
EndProject
Global
	GlobalSection(SolutionConfigurationPlatforms) = preSolution
		Debug|Any CPU = Debug|Any CPU
		Release|Any CPU = Release|Any CPU
	EndGlobalSection
	GlobalSection(ProjectConfigurationPlatforms) = postSolution
		{954266B5-8396-4810-B729-CD81C02BF946}.Debug|Any CPU.ActiveCfg = Debug|Any CPU
		{954266B5-8396-4810-B729-CD81C02BF946}.Debug|Any CPU.Build.0 = Debug|Any CPU
		{954266B5-8396-4810-B729-CD81C02BF946}.Release|Any CPU.ActiveCfg = Release|Any CPU
		{954266B5-8396-4810-B729-CD81C02BF946}.Release|Any CPU.Build.0 = Release|Any CPU
		{AC19A654-FD99-437E-957C-5D648F0CD59C}.Debug|Any CPU.ActiveCfg = Debug|Any CPU
		{AC19A654-FD99-437E-957C-5D648F0CD59C}.Debug|Any CPU.Build.0 = Debug|Any CPU
		{AC19A654-FD99-437E-957C-5D648F0CD59C}.Release|Any CPU.ActiveCfg = Release|Any CPU
		{AC19A654-FD99-437E-957C-5D648F0CD59C}.Release|Any CPU.Build.0 = Release|Any CPU
	EndGlobalSection
	GlobalSection(SolutionProperties) = preSolution
		HideSolutionNode = FALSE
	EndGlobalSection
EndGlobal
